
Microsoft Visual Studio Solution File, Format Version 12.00
# Visual Studio Version 16
VisualStudioVersion = 16.0.31025.194
MinimumVisualStudioVersion = 10.0.40219.1
Project("{FAE04EC0-301F-11D3-BF4B-00C04F79EFBC}") = "FastReport.Blazor.Demo", "FastReport.Blazor.Demo.csproj", "{2055AC3D-22E8-49E1-BC11-03B154A3613C}"
EndProject
Global
	GlobalSection(SolutionConfigurationPlatforms) = preSolution
		Debug|Any CPU = Debug|Any CPU
		Release|Any CPU = Release|Any CPU
	EndGlobalSection
	GlobalSection(ProjectConfigurationPlatforms) = postSolution
		{2055AC3D-22E8-49E1-BC11-03B154A3613C}.Debug|Any CPU.ActiveCfg = Debug|Any CPU
		{2055AC3D-22E8-49E1-BC11-03B154A3613C}.Debug|Any CPU.Build.0 = Debug|Any CPU
		{2055AC3D-22E8-49E1-BC11-03B154A3613C}.Release|Any CPU.ActiveCfg = Release|Any CPU
		{2055AC3D-22E8-49E1-BC11-03B154A3613C}.Release|Any CPU.Build.0 = Release|Any CPU
	EndGlobalSection
	GlobalSection(SolutionProperties) = preSolution
		HideSolutionNode = FALSE
	EndGlobalSection
	GlobalSection(ExtensibilityGlobals) = postSolution
		SolutionGuid = {648B2D95-310D-405F-A4B4-5EC394AFD64F}
	EndGlobalSection
EndGlobal
